
Microsoft Visual Studio Solution File, Format Version 12.00
Project("{FAE04EC0-301F-11D3-BF4B-00C04F79EFBC}") = "graph", "graph\graph.csproj", "{2764D645-15FA-4485-A043-C327ECAC098B}"
EndProject
Project("{FAE04EC0-301F-11D3-BF4B-00C04F79EFBC}") = "program", "program\program.csproj", "{A4627B5B-D974-406D-91DD-94619293F853}"
EndProject
Project("{FAE04EC0-301F-11D3-BF4B-00C04F79EFBC}") = "graph-tests", "graph-tests\graph-tests.csproj", "{C8B73FE8-ADDE-4EDE-BD1C-B8C0205A9859}"
EndProject
Project("{FAE04EC0-301F-11D3-BF4B-00C04F79EFBC}") = "example-generator", "example-generator\example-generator.csproj", "{7AD06568-1158-4BDB-9A6D-F2D513362CF7}"
EndProject
Global
	GlobalSection(SolutionConfigurationPlatforms) = preSolution
		Debug|Any CPU = Debug|Any CPU
		Release|Any CPU = Release|Any CPU
	EndGlobalSection
	GlobalSection(ProjectConfigurationPlatforms) = postSolution
		{2764D645-15FA-4485-A043-C327ECAC098B}.Debug|Any CPU.ActiveCfg = Debug|Any CPU
		{2764D645-15FA-4485-A043-C327ECAC098B}.Debug|Any CPU.Build.0 = Debug|Any CPU
		{2764D645-15FA-4485-A043-C327ECAC098B}.Release|Any CPU.ActiveCfg = Release|Any CPU
		{2764D645-15FA-4485-A043-C327ECAC098B}.Release|Any CPU.Build.0 = Release|Any CPU
		{A4627B5B-D974-406D-91DD-94619293F853}.Debug|Any CPU.ActiveCfg = Debug|Any CPU
		{A4627B5B-D974-406D-91DD-94619293F853}.Debug|Any CPU.Build.0 = Debug|Any CPU
		{A4627B5B-D974-406D-91DD-94619293F853}.Release|Any CPU.ActiveCfg = Release|Any CPU
		{A4627B5B-D974-406D-91DD-94619293F853}.Release|Any CPU.Build.0 = Release|Any CPU
		{C8B73FE8-ADDE-4EDE-BD1C-B8C0205A9859}.Debug|Any CPU.ActiveCfg = Debug|Any CPU
		{C8B73FE8-ADDE-4EDE-BD1C-B8C0205A9859}.Debug|Any CPU.Build.0 = Debug|Any CPU
		{C8B73FE8-ADDE-4EDE-BD1C-B8C0205A9859}.Release|Any CPU.ActiveCfg = Release|Any CPU
		{C8B73FE8-ADDE-4EDE-BD1C-B8C0205A9859}.Release|Any CPU.Build.0 = Release|Any CPU
		{7AD06568-1158-4BDB-9A6D-F2D513362CF7}.Debug|Any CPU.ActiveCfg = Debug|Any CPU
		{7AD06568-1158-4BDB-9A6D-F2D513362CF7}.Debug|Any CPU.Build.0 = Debug|Any CPU
		{7AD06568-1158-4BDB-9A6D-F2D513362CF7}.Release|Any CPU.ActiveCfg = Release|Any CPU
		{7AD06568-1158-4BDB-9A6D-F2D513362CF7}.Release|Any CPU.Build.0 = Release|Any CPU
	EndGlobalSection
EndGlobal
