
Microsoft Visual Studio Solution File, Format Version 12.00
# Visual Studio Version 17
VisualStudioVersion = 17.1.32228.430
MinimumVisualStudioVersion = 10.0.40219.1
Project("{9A19103F-16F7-4668-BE54-9A1E7A4F7556}") = "graph", "graph\graph.csproj", "{2764D645-15FA-4485-A043-C327ECAC098B}"
EndProject
Project("{9A19103F-16F7-4668-BE54-9A1E7A4F7556}") = "hungarian-algorithm", "program\hungarian-algorithm.csproj", "{A4627B5B-D974-406D-91DD-94619293F853}"
EndProject
Project("{9A19103F-16F7-4668-BE54-9A1E7A4F7556}") = "example-generator", "example-generator\example-generator.csproj", "{7AD06568-1158-4BDB-9A6D-F2D513362CF7}"
EndProject
Project("{9A19103F-16F7-4668-BE54-9A1E7A4F7556}") = "hungarian-algorithm-tests", "HungarianAlgoritmTests\hungarian-algorithm-tests.csproj", "{34D9BF88-ED14-4681-9151-9C45A9F02CFE}"
EndProject
Global
	GlobalSection(SolutionConfigurationPlatforms) = preSolution
		Debug|Any CPU = Debug|Any CPU
		Release|Any CPU = Release|Any CPU
	EndGlobalSection
	GlobalSection(ProjectConfigurationPlatforms) = postSolution
		{2764D645-15FA-4485-A043-C327ECAC098B}.Debug|Any CPU.ActiveCfg = Debug|Any CPU
		{2764D645-15FA-4485-A043-C327ECAC098B}.Debug|Any CPU.Build.0 = Debug|Any CPU
		{2764D645-15FA-4485-A043-C327ECAC098B}.Release|Any CPU.ActiveCfg = Release|Any CPU
		{2764D645-15FA-4485-A043-C327ECAC098B}.Release|Any CPU.Build.0 = Release|Any CPU
		{A4627B5B-D974-406D-91DD-94619293F853}.Debug|Any CPU.ActiveCfg = Debug|Any CPU
		{A4627B5B-D974-406D-91DD-94619293F853}.Debug|Any CPU.Build.0 = Debug|Any CPU
		{A4627B5B-D974-406D-91DD-94619293F853}.Release|Any CPU.ActiveCfg = Release|Any CPU
		{A4627B5B-D974-406D-91DD-94619293F853}.Release|Any CPU.Build.0 = Release|Any CPU
		{7AD06568-1158-4BDB-9A6D-F2D513362CF7}.Debug|Any CPU.ActiveCfg = Debug|Any CPU
		{7AD06568-1158-4BDB-9A6D-F2D513362CF7}.Debug|Any CPU.Build.0 = Debug|Any CPU
		{7AD06568-1158-4BDB-9A6D-F2D513362CF7}.Release|Any CPU.ActiveCfg = Release|Any CPU
		{7AD06568-1158-4BDB-9A6D-F2D513362CF7}.Release|Any CPU.Build.0 = Release|Any CPU
		{34D9BF88-ED14-4681-9151-9C45A9F02CFE}.Debug|Any CPU.ActiveCfg = Debug|Any CPU
		{34D9BF88-ED14-4681-9151-9C45A9F02CFE}.Debug|Any CPU.Build.0 = Debug|Any CPU
		{34D9BF88-ED14-4681-9151-9C45A9F02CFE}.Release|Any CPU.ActiveCfg = Release|Any CPU
		{34D9BF88-ED14-4681-9151-9C45A9F02CFE}.Release|Any CPU.Build.0 = Release|Any CPU
	EndGlobalSection
	GlobalSection(SolutionProperties) = preSolution
		HideSolutionNode = FALSE
	EndGlobalSection
	GlobalSection(ExtensibilityGlobals) = postSolution
		SolutionGuid = {DEE36D21-CAAB-47F2-9C58-DFDF56EE4E3D}
	EndGlobalSection
EndGlobal
